
Microsoft Visual Studio Solution File, Format Version 12.00
# Visual Studio Version 17
VisualStudioVersion = 17.11.35327.3
MinimumVisualStudioVersion = 10.0.40219.1
Project("{FAE04EC0-301F-11D3-BF4B-00C04F79EFBC}") = "MaxCinema", "MaxCinema\MaxCinema.csproj", "{E8339A81-29EC-48A7-98E7-0CA120EED4BF}"
EndProject
Global
	GlobalSection(SolutionConfigurationPlatforms) = preSolution
		Debug|Any CPU = Debug|Any CPU
		Release|Any CPU = Release|Any CPU
	EndGlobalSection
	GlobalSection(ProjectConfigurationPlatforms) = postSolution
		{E8339A81-29EC-48A7-98E7-0CA120EED4BF}.Debug|Any CPU.ActiveCfg = Debug|Any CPU
		{E8339A81-29EC-48A7-98E7-0CA120EED4BF}.Debug|Any CPU.Build.0 = Debug|Any CPU
		{E8339A81-29EC-48A7-98E7-0CA120EED4BF}.Release|Any CPU.ActiveCfg = Release|Any CPU
		{E8339A81-29EC-48A7-98E7-0CA120EED4BF}.Release|Any CPU.Build.0 = Release|Any CPU
	EndGlobalSection
	GlobalSection(SolutionProperties) = preSolution
		HideSolutionNode = FALSE
	EndGlobalSection
	GlobalSection(ExtensibilityGlobals) = postSolution
		SolutionGuid = {8CDC9891-C12A-476F-AD4E-3C18387F41B9}
	EndGlobalSection
EndGlobal
